
Microsoft Visual Studio Solution File, Format Version 12.00
# Visual Studio Version 17
VisualStudioVersion = 17.2.32526.322
MinimumVisualStudioVersion = 10.0.40219.1
Project("{FAE04EC0-301F-11D3-BF4B-00C04F79EFBC}") = "00_Repetition", "00_Repetition\00_Repetition.csproj", "{424E4678-B7D4-4C35-80F7-CE8B49874CD6}"
EndProject
Project("{FAE04EC0-301F-11D3-BF4B-00C04F79EFBC}") = "01_AccessModifiers", "01_AccessModifiers\01_AccessModifiers.csproj", "{C2FE098A-248F-4B47-B608-0FCB6E10FF8E}"
EndProject
Project("{FAE04EC0-301F-11D3-BF4B-00C04F79EFBC}") = "ClassLibrary", "ClassLibrary\ClassLibrary.csproj", "{77532426-BC1E-4B85-AA66-A29A0872F6FF}"
EndProject
Project("{FAE04EC0-301F-11D3-BF4B-00C04F79EFBC}") = "02_GettersSetters", "02_GettersSetters\02_GettersSetters.csproj", "{460918CF-C40F-43C8-8F96-E4A9DAE3A52F}"
EndProject
Project("{FAE04EC0-301F-11D3-BF4B-00C04F79EFBC}") = "03_Constructors", "03_Constructors\03_Constructors.csproj", "{706BEC8C-156E-4319-B9D0-DC170B5DEFC8}"
EndProject
Project("{FAE04EC0-301F-11D3-BF4B-00C04F79EFBC}") = "04_Methods", "04_Methods\04_Methods.csproj", "{B7F9366D-8A4B-4AAA-92EF-3D170D17FDC9}"
EndProject
Global
	GlobalSection(SolutionConfigurationPlatforms) = preSolution
		Debug|Any CPU = Debug|Any CPU
		Release|Any CPU = Release|Any CPU
	EndGlobalSection
	GlobalSection(ProjectConfigurationPlatforms) = postSolution
		{424E4678-B7D4-4C35-80F7-CE8B49874CD6}.Debug|Any CPU.ActiveCfg = Debug|Any CPU
		{424E4678-B7D4-4C35-80F7-CE8B49874CD6}.Debug|Any CPU.Build.0 = Debug|Any CPU
		{424E4678-B7D4-4C35-80F7-CE8B49874CD6}.Release|Any CPU.ActiveCfg = Release|Any CPU
		{424E4678-B7D4-4C35-80F7-CE8B49874CD6}.Release|Any CPU.Build.0 = Release|Any CPU
		{C2FE098A-248F-4B47-B608-0FCB6E10FF8E}.Debug|Any CPU.ActiveCfg = Debug|Any CPU
		{C2FE098A-248F-4B47-B608-0FCB6E10FF8E}.Debug|Any CPU.Build.0 = Debug|Any CPU
		{C2FE098A-248F-4B47-B608-0FCB6E10FF8E}.Release|Any CPU.ActiveCfg = Release|Any CPU
		{C2FE098A-248F-4B47-B608-0FCB6E10FF8E}.Release|Any CPU.Build.0 = Release|Any CPU
		{77532426-BC1E-4B85-AA66-A29A0872F6FF}.Debug|Any CPU.ActiveCfg = Debug|Any CPU
		{77532426-BC1E-4B85-AA66-A29A0872F6FF}.Debug|Any CPU.Build.0 = Debug|Any CPU
		{77532426-BC1E-4B85-AA66-A29A0872F6FF}.Release|Any CPU.ActiveCfg = Release|Any CPU
		{77532426-BC1E-4B85-AA66-A29A0872F6FF}.Release|Any CPU.Build.0 = Release|Any CPU
		{460918CF-C40F-43C8-8F96-E4A9DAE3A52F}.Debug|Any CPU.ActiveCfg = Debug|Any CPU
		{460918CF-C40F-43C8-8F96-E4A9DAE3A52F}.Debug|Any CPU.Build.0 = Debug|Any CPU
		{460918CF-C40F-43C8-8F96-E4A9DAE3A52F}.Release|Any CPU.ActiveCfg = Release|Any CPU
		{460918CF-C40F-43C8-8F96-E4A9DAE3A52F}.Release|Any CPU.Build.0 = Release|Any CPU
		{706BEC8C-156E-4319-B9D0-DC170B5DEFC8}.Debug|Any CPU.ActiveCfg = Debug|Any CPU
		{706BEC8C-156E-4319-B9D0-DC170B5DEFC8}.Debug|Any CPU.Build.0 = Debug|Any CPU
		{706BEC8C-156E-4319-B9D0-DC170B5DEFC8}.Release|Any CPU.ActiveCfg = Release|Any CPU
		{706BEC8C-156E-4319-B9D0-DC170B5DEFC8}.Release|Any CPU.Build.0 = Release|Any CPU
		{B7F9366D-8A4B-4AAA-92EF-3D170D17FDC9}.Debug|Any CPU.ActiveCfg = Debug|Any CPU
		{B7F9366D-8A4B-4AAA-92EF-3D170D17FDC9}.Debug|Any CPU.Build.0 = Debug|Any CPU
		{B7F9366D-8A4B-4AAA-92EF-3D170D17FDC9}.Release|Any CPU.ActiveCfg = Release|Any CPU
		{B7F9366D-8A4B-4AAA-92EF-3D170D17FDC9}.Release|Any CPU.Build.0 = Release|Any CPU
	EndGlobalSection
	GlobalSection(SolutionProperties) = preSolution
		HideSolutionNode = FALSE
	EndGlobalSection
	GlobalSection(ExtensibilityGlobals) = postSolution
		SolutionGuid = {76172B3C-FFC8-408F-95B3-98A3AC758C0E}
	EndGlobalSection
EndGlobal
