
Microsoft Visual Studio Solution File, Format Version 12.00
# Visual Studio Version 17
VisualStudioVersion = 17.2.32526.322
MinimumVisualStudioVersion = 10.0.40219.1
Project("{FAE04EC0-301F-11D3-BF4B-00C04F79EFBC}") = "00_Repetition", "00_Repetition\00_Repetition.csproj", "{F028A576-6D16-4A5C-91EA-6A4B29B15A85}"
EndProject
Project("{FAE04EC0-301F-11D3-BF4B-00C04F79EFBC}") = "01_Interfaces", "01_Interfaces\01_Interfaces.csproj", "{509CB057-100A-4F8F-B891-FE942B83887D}"
EndProject
Global
	GlobalSection(SolutionConfigurationPlatforms) = preSolution
		Debug|Any CPU = Debug|Any CPU
		Release|Any CPU = Release|Any CPU
	EndGlobalSection
	GlobalSection(ProjectConfigurationPlatforms) = postSolution
		{F028A576-6D16-4A5C-91EA-6A4B29B15A85}.Debug|Any CPU.ActiveCfg = Debug|Any CPU
		{F028A576-6D16-4A5C-91EA-6A4B29B15A85}.Debug|Any CPU.Build.0 = Debug|Any CPU
		{F028A576-6D16-4A5C-91EA-6A4B29B15A85}.Release|Any CPU.ActiveCfg = Release|Any CPU
		{F028A576-6D16-4A5C-91EA-6A4B29B15A85}.Release|Any CPU.Build.0 = Release|Any CPU
		{509CB057-100A-4F8F-B891-FE942B83887D}.Debug|Any CPU.ActiveCfg = Debug|Any CPU
		{509CB057-100A-4F8F-B891-FE942B83887D}.Debug|Any CPU.Build.0 = Debug|Any CPU
		{509CB057-100A-4F8F-B891-FE942B83887D}.Release|Any CPU.ActiveCfg = Release|Any CPU
		{509CB057-100A-4F8F-B891-FE942B83887D}.Release|Any CPU.Build.0 = Release|Any CPU
	EndGlobalSection
	GlobalSection(SolutionProperties) = preSolution
		HideSolutionNode = FALSE
	EndGlobalSection
	GlobalSection(ExtensibilityGlobals) = postSolution
		SolutionGuid = {FAD7C0D0-C804-4A92-99E4-D1CE88B0E7FB}
	EndGlobalSection
EndGlobal
